
Microsoft Visual Studio Solution File, Format Version 12.00
# Visual Studio Version 17
VisualStudioVersion = 17.0.31903.59
MinimumVisualStudioVersion = 10.0.40219.1
Project("{2150E333-8FDC-42A3-9474-1A3956D46DE8}") = "src", "src", "{827E0CD3-B72D-47B6-A68D-7590B98EB39B}"
EndProject
Project("{2150E333-8FDC-42A3-9474-1A3956D46DE8}") = "01_Core", "01_Core", "{E49751A8-4684-5464-DC78-70FEA7F05886}"
EndProject
Project("{FAE04EC0-301F-11D3-BF4B-00C04F79EFBC}") = "Intranet.Core", "src\01_Core\Intranet.Core\Intranet.Core.csproj", "{51281879-F3DD-496B-A14F-2BC69F98676A}"
EndProject
Project("{FAE04EC0-301F-11D3-BF4B-00C04F79EFBC}") = "Intranet.Data", "src\01_Core\Intranet.Data\Intranet.Data.csproj", "{C9CD0AE5-502A-4218-9588-94DCD96C1DE5}"
EndProject
Project("{2150E333-8FDC-42A3-9474-1A3956D46DE8}") = "02_Modulos", "02_Modulos", "{A1EA0368-10BA-4081-D60B-F00C78436C1C}"
EndProject
Project("{FAE04EC0-301F-11D3-BF4B-00C04F79EFBC}") = "Intranet.Modulo01", "src\02_Modulos\Intranet.Modulo01\Intranet.Modulo01.csproj", "{EC2C4728-EBF5-4A53-A250-E0D9A933E8ED}"
EndProject
Project("{FAE04EC0-301F-11D3-BF4B-00C04F79EFBC}") = "Intranet.Modulo02", "src\02_Modulos\Intranet.Modulo02\Intranet.Modulo02.csproj", "{C269AD08-78B8-4A8D-BB0F-AA4D778DDE86}"
EndProject
Project("{FAE04EC0-301F-11D3-BF4B-00C04F79EFBC}") = "Intranet.Modulo03", "src\02_Modulos\Intranet.Modulo03\Intranet.Modulo03.csproj", "{F4290C09-44E6-4A86-8507-3402050AC78E}"
EndProject
Project("{FAE04EC0-301F-11D3-BF4B-00C04F79EFBC}") = "Intranet.Modulo04", "src\02_Modulos\Intranet.Modulo04\Intranet.Modulo04.csproj", "{606015B5-ADAE-482A-A033-DF394719325F}"
EndProject
Project("{FAE04EC0-301F-11D3-BF4B-00C04F79EFBC}") = "Intranet.Modulo05", "src\02_Modulos\Intranet.Modulo05\Intranet.Modulo05.csproj", "{2B779E9D-8324-4F36-93CF-51A8E7E86B46}"
EndProject
Project("{FAE04EC0-301F-11D3-BF4B-00C04F79EFBC}") = "Intranet.Modulo06", "src\02_Modulos\Intranet.Modulo06\Intranet.Modulo06.csproj", "{B2D6DC49-5492-4F25-BE1B-B86EABB42442}"
EndProject
Project("{FAE04EC0-301F-11D3-BF4B-00C04F79EFBC}") = "Intranet.Modulo07", "src\02_Modulos\Intranet.Modulo07\Intranet.Modulo07.csproj", "{3643BC89-15F5-46F3-8409-E427B92B4666}"
EndProject
Project("{FAE04EC0-301F-11D3-BF4B-00C04F79EFBC}") = "Intranet.Modulo08", "src\02_Modulos\Intranet.Modulo08\Intranet.Modulo08.csproj", "{80FAA7C1-C734-4D57-BCAE-5A39230B3938}"
EndProject
Project("{FAE04EC0-301F-11D3-BF4B-00C04F79EFBC}") = "Intranet.Modulo09", "src\02_Modulos\Intranet.Modulo09\Intranet.Modulo09.csproj", "{D89309E7-A12A-4CBC-8B91-E0958783D5BC}"
EndProject
Project("{2150E333-8FDC-42A3-9474-1A3956D46DE8}") = "03_Web", "03_Web", "{B45C0AF8-94B7-C7DE-845E-2149A42068D8}"
EndProject
Project("{FAE04EC0-301F-11D3-BF4B-00C04F79EFBC}") = "Intranet.Web", "src\03_Web\Intranet.Web\Intranet.Web.csproj", "{10724941-17FA-4632-8B2B-76047BC99F83}"
EndProject
Global
	GlobalSection(SolutionConfigurationPlatforms) = preSolution
		Debug|Any CPU = Debug|Any CPU
		Debug|x64 = Debug|x64
		Debug|x86 = Debug|x86
		Release|Any CPU = Release|Any CPU
		Release|x64 = Release|x64
		Release|x86 = Release|x86
	EndGlobalSection
	GlobalSection(ProjectConfigurationPlatforms) = postSolution
		{51281879-F3DD-496B-A14F-2BC69F98676A}.Debug|Any CPU.ActiveCfg = Debug|Any CPU
		{51281879-F3DD-496B-A14F-2BC69F98676A}.Debug|Any CPU.Build.0 = Debug|Any CPU
		{51281879-F3DD-496B-A14F-2BC69F98676A}.Debug|x64.ActiveCfg = Debug|Any CPU
		{51281879-F3DD-496B-A14F-2BC69F98676A}.Debug|x64.Build.0 = Debug|Any CPU
		{51281879-F3DD-496B-A14F-2BC69F98676A}.Debug|x86.ActiveCfg = Debug|Any CPU
		{51281879-F3DD-496B-A14F-2BC69F98676A}.Debug|x86.Build.0 = Debug|Any CPU
		{51281879-F3DD-496B-A14F-2BC69F98676A}.Release|Any CPU.ActiveCfg = Release|Any CPU
		{51281879-F3DD-496B-A14F-2BC69F98676A}.Release|Any CPU.Build.0 = Release|Any CPU
		{51281879-F3DD-496B-A14F-2BC69F98676A}.Release|x64.ActiveCfg = Release|Any CPU
		{51281879-F3DD-496B-A14F-2BC69F98676A}.Release|x64.Build.0 = Release|Any CPU
		{51281879-F3DD-496B-A14F-2BC69F98676A}.Release|x86.ActiveCfg = Release|Any CPU
		{51281879-F3DD-496B-A14F-2BC69F98676A}.Release|x86.Build.0 = Release|Any CPU
		{C9CD0AE5-502A-4218-9588-94DCD96C1DE5}.Debug|Any CPU.ActiveCfg = Debug|Any CPU
		{C9CD0AE5-502A-4218-9588-94DCD96C1DE5}.Debug|Any CPU.Build.0 = Debug|Any CPU
		{C9CD0AE5-502A-4218-9588-94DCD96C1DE5}.Debug|x64.ActiveCfg = Debug|Any CPU
		{C9CD0AE5-502A-4218-9588-94DCD96C1DE5}.Debug|x64.Build.0 = Debug|Any CPU
		{C9CD0AE5-502A-4218-9588-94DCD96C1DE5}.Debug|x86.ActiveCfg = Debug|Any CPU
		{C9CD0AE5-502A-4218-9588-94DCD96C1DE5}.Debug|x86.Build.0 = Debug|Any CPU
		{C9CD0AE5-502A-4218-9588-94DCD96C1DE5}.Release|Any CPU.ActiveCfg = Release|Any CPU
		{C9CD0AE5-502A-4218-9588-94DCD96C1DE5}.Release|Any CPU.Build.0 = Release|Any CPU
		{C9CD0AE5-502A-4218-9588-94DCD96C1DE5}.Release|x64.ActiveCfg = Release|Any CPU
		{C9CD0AE5-502A-4218-9588-94DCD96C1DE5}.Release|x64.Build.0 = Release|Any CPU
		{C9CD0AE5-502A-4218-9588-94DCD96C1DE5}.Release|x86.ActiveCfg = Release|Any CPU
		{C9CD0AE5-502A-4218-9588-94DCD96C1DE5}.Release|x86.Build.0 = Release|Any CPU
		{EC2C4728-EBF5-4A53-A250-E0D9A933E8ED}.Debug|Any CPU.ActiveCfg = Debug|Any CPU
		{EC2C4728-EBF5-4A53-A250-E0D9A933E8ED}.Debug|Any CPU.Build.0 = Debug|Any CPU
		{EC2C4728-EBF5-4A53-A250-E0D9A933E8ED}.Debug|x64.ActiveCfg = Debug|Any CPU
		{EC2C4728-EBF5-4A53-A250-E0D9A933E8ED}.Debug|x64.Build.0 = Debug|Any CPU
		{EC2C4728-EBF5-4A53-A250-E0D9A933E8ED}.Debug|x86.ActiveCfg = Debug|Any CPU
		{EC2C4728-EBF5-4A53-A250-E0D9A933E8ED}.Debug|x86.Build.0 = Debug|Any CPU
		{EC2C4728-EBF5-4A53-A250-E0D9A933E8ED}.Release|Any CPU.ActiveCfg = Release|Any CPU
		{EC2C4728-EBF5-4A53-A250-E0D9A933E8ED}.Release|Any CPU.Build.0 = Release|Any CPU
		{EC2C4728-EBF5-4A53-A250-E0D9A933E8ED}.Release|x64.ActiveCfg = Release|Any CPU
		{EC2C4728-EBF5-4A53-A250-E0D9A933E8ED}.Release|x64.Build.0 = Release|Any CPU
		{EC2C4728-EBF5-4A53-A250-E0D9A933E8ED}.Release|x86.ActiveCfg = Release|Any CPU
		{EC2C4728-EBF5-4A53-A250-E0D9A933E8ED}.Release|x86.Build.0 = Release|Any CPU
		{C269AD08-78B8-4A8D-BB0F-AA4D778DDE86}.Debug|Any CPU.ActiveCfg = Debug|Any CPU
		{C269AD08-78B8-4A8D-BB0F-AA4D778DDE86}.Debug|Any CPU.Build.0 = Debug|Any CPU
		{C269AD08-78B8-4A8D-BB0F-AA4D778DDE86}.Debug|x64.ActiveCfg = Debug|Any CPU
		{C269AD08-78B8-4A8D-BB0F-AA4D778DDE86}.Debug|x64.Build.0 = Debug|Any CPU
		{C269AD08-78B8-4A8D-BB0F-AA4D778DDE86}.Debug|x86.ActiveCfg = Debug|Any CPU
		{C269AD08-78B8-4A8D-BB0F-AA4D778DDE86}.Debug|x86.Build.0 = Debug|Any CPU
		{C269AD08-78B8-4A8D-BB0F-AA4D778DDE86}.Release|Any CPU.ActiveCfg = Release|Any CPU
		{C269AD08-78B8-4A8D-BB0F-AA4D778DDE86}.Release|Any CPU.Build.0 = Release|Any CPU
		{C269AD08-78B8-4A8D-BB0F-AA4D778DDE86}.Release|x64.ActiveCfg = Release|Any CPU
		{C269AD08-78B8-4A8D-BB0F-AA4D778DDE86}.Release|x64.Build.0 = Release|Any CPU
		{C269AD08-78B8-4A8D-BB0F-AA4D778DDE86}.Release|x86.ActiveCfg = Release|Any CPU
		{C269AD08-78B8-4A8D-BB0F-AA4D778DDE86}.Release|x86.Build.0 = Release|Any CPU
		{F4290C09-44E6-4A86-8507-3402050AC78E}.Debug|Any CPU.ActiveCfg = Debug|Any CPU
		{F4290C09-44E6-4A86-8507-3402050AC78E}.Debug|Any CPU.Build.0 = Debug|Any CPU
		{F4290C09-44E6-4A86-8507-3402050AC78E}.Debug|x64.ActiveCfg = Debug|Any CPU
		{F4290C09-44E6-4A86-8507-3402050AC78E}.Debug|x64.Build.0 = Debug|Any CPU
		{F4290C09-44E6-4A86-8507-3402050AC78E}.Debug|x86.ActiveCfg = Debug|Any CPU
		{F4290C09-44E6-4A86-8507-3402050AC78E}.Debug|x86.Build.0 = Debug|Any CPU
		{F4290C09-44E6-4A86-8507-3402050AC78E}.Release|Any CPU.ActiveCfg = Release|Any CPU
		{F4290C09-44E6-4A86-8507-3402050AC78E}.Release|Any CPU.Build.0 = Release|Any CPU
		{F4290C09-44E6-4A86-8507-3402050AC78E}.Release|x64.ActiveCfg = Release|Any CPU
		{F4290C09-44E6-4A86-8507-3402050AC78E}.Release|x64.Build.0 = Release|Any CPU
		{F4290C09-44E6-4A86-8507-3402050AC78E}.Release|x86.ActiveCfg = Release|Any CPU
		{F4290C09-44E6-4A86-8507-3402050AC78E}.Release|x86.Build.0 = Release|Any CPU
		{606015B5-ADAE-482A-A033-DF394719325F}.Debug|Any CPU.ActiveCfg = Debug|Any CPU
		{606015B5-ADAE-482A-A033-DF394719325F}.Debug|Any CPU.Build.0 = Debug|Any CPU
		{606015B5-ADAE-482A-A033-DF394719325F}.Debug|x64.ActiveCfg = Debug|Any CPU
		{606015B5-ADAE-482A-A033-DF394719325F}.Debug|x64.Build.0 = Debug|Any CPU
		{606015B5-ADAE-482A-A033-DF394719325F}.Debug|x86.ActiveCfg = Debug|Any CPU
		{606015B5-ADAE-482A-A033-DF394719325F}.Debug|x86.Build.0 = Debug|Any CPU
		{606015B5-ADAE-482A-A033-DF394719325F}.Release|Any CPU.ActiveCfg = Release|Any CPU
		{606015B5-ADAE-482A-A033-DF394719325F}.Release|Any CPU.Build.0 = Release|Any CPU
		{606015B5-ADAE-482A-A033-DF394719325F}.Release|x64.ActiveCfg = Release|Any CPU
		{606015B5-ADAE-482A-A033-DF394719325F}.Release|x64.Build.0 = Release|Any CPU
		{606015B5-ADAE-482A-A033-DF394719325F}.Release|x86.ActiveCfg = Release|Any CPU
		{606015B5-ADAE-482A-A033-DF394719325F}.Release|x86.Build.0 = Release|Any CPU
		{2B779E9D-8324-4F36-93CF-51A8E7E86B46}.Debug|Any CPU.ActiveCfg = Debug|Any CPU
		{2B779E9D-8324-4F36-93CF-51A8E7E86B46}.Debug|Any CPU.Build.0 = Debug|Any CPU
		{2B779E9D-8324-4F36-93CF-51A8E7E86B46}.Debug|x64.ActiveCfg = Debug|Any CPU
		{2B779E9D-8324-4F36-93CF-51A8E7E86B46}.Debug|x64.Build.0 = Debug|Any CPU
		{2B779E9D-8324-4F36-93CF-51A8E7E86B46}.Debug|x86.ActiveCfg = Debug|Any CPU
		{2B779E9D-8324-4F36-93CF-51A8E7E86B46}.Debug|x86.Build.0 = Debug|Any CPU
		{2B779E9D-8324-4F36-93CF-51A8E7E86B46}.Release|Any CPU.ActiveCfg = Release|Any CPU
		{2B779E9D-8324-4F36-93CF-51A8E7E86B46}.Release|Any CPU.Build.0 = Release|Any CPU
		{2B779E9D-8324-4F36-93CF-51A8E7E86B46}.Release|x64.ActiveCfg = Release|Any CPU
		{2B779E9D-8324-4F36-93CF-51A8E7E86B46}.Release|x64.Build.0 = Release|Any CPU
		{2B779E9D-8324-4F36-93CF-51A8E7E86B46}.Release|x86.ActiveCfg = Release|Any CPU
		{2B779E9D-8324-4F36-93CF-51A8E7E86B46}.Release|x86.Build.0 = Release|Any CPU
		{B2D6DC49-5492-4F25-BE1B-B86EABB42442}.Debug|Any CPU.ActiveCfg = Debug|Any CPU
		{B2D6DC49-5492-4F25-BE1B-B86EABB42442}.Debug|Any CPU.Build.0 = Debug|Any CPU
		{B2D6DC49-5492-4F25-BE1B-B86EABB42442}.Debug|x64.ActiveCfg = Debug|Any CPU
		{B2D6DC49-5492-4F25-BE1B-B86EABB42442}.Debug|x64.Build.0 = Debug|Any CPU
		{B2D6DC49-5492-4F25-BE1B-B86EABB42442}.Debug|x86.ActiveCfg = Debug|Any CPU
		{B2D6DC49-5492-4F25-BE1B-B86EABB42442}.Debug|x86.Build.0 = Debug|Any CPU
		{B2D6DC49-5492-4F25-BE1B-B86EABB42442}.Release|Any CPU.ActiveCfg = Release|Any CPU
		{B2D6DC49-5492-4F25-BE1B-B86EABB42442}.Release|Any CPU.Build.0 = Release|Any CPU
		{B2D6DC49-5492-4F25-BE1B-B86EABB42442}.Release|x64.ActiveCfg = Release|Any CPU
		{B2D6DC49-5492-4F25-BE1B-B86EABB42442}.Release|x64.Build.0 = Release|Any CPU
		{B2D6DC49-5492-4F25-BE1B-B86EABB42442}.Release|x86.ActiveCfg = Release|Any CPU
		{B2D6DC49-5492-4F25-BE1B-B86EABB42442}.Release|x86.Build.0 = Release|Any CPU
		{3643BC89-15F5-46F3-8409-E427B92B4666}.Debug|Any CPU.ActiveCfg = Debug|Any CPU
		{3643BC89-15F5-46F3-8409-E427B92B4666}.Debug|Any CPU.Build.0 = Debug|Any CPU
		{3643BC89-15F5-46F3-8409-E427B92B4666}.Debug|x64.ActiveCfg = Debug|Any CPU
		{3643BC89-15F5-46F3-8409-E427B92B4666}.Debug|x64.Build.0 = Debug|Any CPU
		{3643BC89-15F5-46F3-8409-E427B92B4666}.Debug|x86.ActiveCfg = Debug|Any CPU
		{3643BC89-15F5-46F3-8409-E427B92B4666}.Debug|x86.Build.0 = Debug|Any CPU
		{3643BC89-15F5-46F3-8409-E427B92B4666}.Release|Any CPU.ActiveCfg = Release|Any CPU
		{3643BC89-15F5-46F3-8409-E427B92B4666}.Release|Any CPU.Build.0 = Release|Any CPU
		{3643BC89-15F5-46F3-8409-E427B92B4666}.Release|x64.ActiveCfg = Release|Any CPU
		{3643BC89-15F5-46F3-8409-E427B92B4666}.Release|x64.Build.0 = Release|Any CPU
		{3643BC89-15F5-46F3-8409-E427B92B4666}.Release|x86.ActiveCfg = Release|Any CPU
		{3643BC89-15F5-46F3-8409-E427B92B4666}.Release|x86.Build.0 = Release|Any CPU
		{80FAA7C1-C734-4D57-BCAE-5A39230B3938}.Debug|Any CPU.ActiveCfg = Debug|Any CPU
		{80FAA7C1-C734-4D57-BCAE-5A39230B3938}.Debug|Any CPU.Build.0 = Debug|Any CPU
		{80FAA7C1-C734-4D57-BCAE-5A39230B3938}.Debug|x64.ActiveCfg = Debug|Any CPU
		{80FAA7C1-C734-4D57-BCAE-5A39230B3938}.Debug|x64.Build.0 = Debug|Any CPU
		{80FAA7C1-C734-4D57-BCAE-5A39230B3938}.Debug|x86.ActiveCfg = Debug|Any CPU
		{80FAA7C1-C734-4D57-BCAE-5A39230B3938}.Debug|x86.Build.0 = Debug|Any CPU
		{80FAA7C1-C734-4D57-BCAE-5A39230B3938}.Release|Any CPU.ActiveCfg = Release|Any CPU
		{80FAA7C1-C734-4D57-BCAE-5A39230B3938}.Release|Any CPU.Build.0 = Release|Any CPU
		{80FAA7C1-C734-4D57-BCAE-5A39230B3938}.Release|x64.ActiveCfg = Release|Any CPU
		{80FAA7C1-C734-4D57-BCAE-5A39230B3938}.Release|x64.Build.0 = Release|Any CPU
		{80FAA7C1-C734-4D57-BCAE-5A39230B3938}.Release|x86.ActiveCfg = Release|Any CPU
		{80FAA7C1-C734-4D57-BCAE-5A39230B3938}.Release|x86.Build.0 = Release|Any CPU
		{D89309E7-A12A-4CBC-8B91-E0958783D5BC}.Debug|Any CPU.ActiveCfg = Debug|Any CPU
		{D89309E7-A12A-4CBC-8B91-E0958783D5BC}.Debug|Any CPU.Build.0 = Debug|Any CPU
		{D89309E7-A12A-4CBC-8B91-E0958783D5BC}.Debug|x64.ActiveCfg = Debug|Any CPU
		{D89309E7-A12A-4CBC-8B91-E0958783D5BC}.Debug|x64.Build.0 = Debug|Any CPU
		{D89309E7-A12A-4CBC-8B91-E0958783D5BC}.Debug|x86.ActiveCfg = Debug|Any CPU
		{D89309E7-A12A-4CBC-8B91-E0958783D5BC}.Debug|x86.Build.0 = Debug|Any CPU
		{D89309E7-A12A-4CBC-8B91-E0958783D5BC}.Release|Any CPU.ActiveCfg = Release|Any CPU
		{D89309E7-A12A-4CBC-8B91-E0958783D5BC}.Release|Any CPU.Build.0 = Release|Any CPU
		{D89309E7-A12A-4CBC-8B91-E0958783D5BC}.Release|x64.ActiveCfg = Release|Any CPU
		{D89309E7-A12A-4CBC-8B91-E0958783D5BC}.Release|x64.Build.0 = Release|Any CPU
		{D89309E7-A12A-4CBC-8B91-E0958783D5BC}.Release|x86.ActiveCfg = Release|Any CPU
		{D89309E7-A12A-4CBC-8B91-E0958783D5BC}.Release|x86.Build.0 = Release|Any CPU
		{10724941-17FA-4632-8B2B-76047BC99F83}.Debug|Any CPU.ActiveCfg = Debug|Any CPU
		{10724941-17FA-4632-8B2B-76047BC99F83}.Debug|Any CPU.Build.0 = Debug|Any CPU
		{10724941-17FA-4632-8B2B-76047BC99F83}.Debug|x64.ActiveCfg = Debug|Any CPU
		{10724941-17FA-4632-8B2B-76047BC99F83}.Debug|x64.Build.0 = Debug|Any CPU
		{10724941-17FA-4632-8B2B-76047BC99F83}.Debug|x86.ActiveCfg = Debug|Any CPU
		{10724941-17FA-4632-8B2B-76047BC99F83}.Debug|x86.Build.0 = Debug|Any CPU
		{10724941-17FA-4632-8B2B-76047BC99F83}.Release|Any CPU.ActiveCfg = Release|Any CPU
		{10724941-17FA-4632-8B2B-76047BC99F83}.Release|Any CPU.Build.0 = Release|Any CPU
		{10724941-17FA-4632-8B2B-76047BC99F83}.Release|x64.ActiveCfg = Release|Any CPU
		{10724941-17FA-4632-8B2B-76047BC99F83}.Release|x64.Build.0 = Release|Any CPU
		{10724941-17FA-4632-8B2B-76047BC99F83}.Release|x86.ActiveCfg = Release|Any CPU
		{10724941-17FA-4632-8B2B-76047BC99F83}.Release|x86.Build.0 = Release|Any CPU
	EndGlobalSection
	GlobalSection(SolutionProperties) = preSolution
		HideSolutionNode = FALSE
	EndGlobalSection
	GlobalSection(NestedProjects) = preSolution
		{E49751A8-4684-5464-DC78-70FEA7F05886} = {827E0CD3-B72D-47B6-A68D-7590B98EB39B}
		{51281879-F3DD-496B-A14F-2BC69F98676A} = {E49751A8-4684-5464-DC78-70FEA7F05886}
		{C9CD0AE5-502A-4218-9588-94DCD96C1DE5} = {E49751A8-4684-5464-DC78-70FEA7F05886}
		{A1EA0368-10BA-4081-D60B-F00C78436C1C} = {827E0CD3-B72D-47B6-A68D-7590B98EB39B}
		{EC2C4728-EBF5-4A53-A250-E0D9A933E8ED} = {A1EA0368-10BA-4081-D60B-F00C78436C1C}
		{C269AD08-78B8-4A8D-BB0F-AA4D778DDE86} = {A1EA0368-10BA-4081-D60B-F00C78436C1C}
		{F4290C09-44E6-4A86-8507-3402050AC78E} = {A1EA0368-10BA-4081-D60B-F00C78436C1C}
		{606015B5-ADAE-482A-A033-DF394719325F} = {A1EA0368-10BA-4081-D60B-F00C78436C1C}
		{2B779E9D-8324-4F36-93CF-51A8E7E86B46} = {A1EA0368-10BA-4081-D60B-F00C78436C1C}
		{B2D6DC49-5492-4F25-BE1B-B86EABB42442} = {A1EA0368-10BA-4081-D60B-F00C78436C1C}
		{3643BC89-15F5-46F3-8409-E427B92B4666} = {A1EA0368-10BA-4081-D60B-F00C78436C1C}
		{80FAA7C1-C734-4D57-BCAE-5A39230B3938} = {A1EA0368-10BA-4081-D60B-F00C78436C1C}
		{D89309E7-A12A-4CBC-8B91-E0958783D5BC} = {A1EA0368-10BA-4081-D60B-F00C78436C1C}
		{B45C0AF8-94B7-C7DE-845E-2149A42068D8} = {827E0CD3-B72D-47B6-A68D-7590B98EB39B}
		{10724941-17FA-4632-8B2B-76047BC99F83} = {B45C0AF8-94B7-C7DE-845E-2149A42068D8}
	EndGlobalSection
EndGlobal
